
Microsoft Visual Studio Solution File, Format Version 12.00
# Visual Studio Version 17
VisualStudioVersion = 17.4.33103.184
MinimumVisualStudioVersion = 10.0.40219.1
Project("{FAE04EC0-301F-11D3-BF4B-00C04F79EFBC}") = "webapi.inlock.tarde", "webapi.inlock.tarde.csproj", "{AA1F6672-DEB4-46D3-98CB-7F4B263AC00B}"
EndProject
Global
	GlobalSection(SolutionConfigurationPlatforms) = preSolution
		Debug|Any CPU = Debug|Any CPU
		Release|Any CPU = Release|Any CPU
	EndGlobalSection
	GlobalSection(ProjectConfigurationPlatforms) = postSolution
		{AA1F6672-DEB4-46D3-98CB-7F4B263AC00B}.Debug|Any CPU.ActiveCfg = Debug|Any CPU
		{AA1F6672-DEB4-46D3-98CB-7F4B263AC00B}.Debug|Any CPU.Build.0 = Debug|Any CPU
		{AA1F6672-DEB4-46D3-98CB-7F4B263AC00B}.Release|Any CPU.ActiveCfg = Release|Any CPU
		{AA1F6672-DEB4-46D3-98CB-7F4B263AC00B}.Release|Any CPU.Build.0 = Release|Any CPU
	EndGlobalSection
	GlobalSection(SolutionProperties) = preSolution
		HideSolutionNode = FALSE
	EndGlobalSection
	GlobalSection(ExtensibilityGlobals) = postSolution
		SolutionGuid = {85B07D9C-C425-486B-8730-BE9B7DDF3149}
	EndGlobalSection
EndGlobal
