
Microsoft Visual Studio Solution File, Format Version 12.00
# Visual Studio Version 17
VisualStudioVersion = 17.4.33103.184
MinimumVisualStudioVersion = 10.0.40219.1
Project("{FAE04EC0-301F-11D3-BF4B-00C04F79EFBC}") = "webapi_inlock_codefirst", "webapi_inlock_codefirst.csproj", "{7805C63C-E7B7-445C-A771-26DA659BBDA2}"
EndProject
Global
	GlobalSection(SolutionConfigurationPlatforms) = preSolution
		Debug|Any CPU = Debug|Any CPU
		Release|Any CPU = Release|Any CPU
	EndGlobalSection
	GlobalSection(ProjectConfigurationPlatforms) = postSolution
		{7805C63C-E7B7-445C-A771-26DA659BBDA2}.Debug|Any CPU.ActiveCfg = Debug|Any CPU
		{7805C63C-E7B7-445C-A771-26DA659BBDA2}.Debug|Any CPU.Build.0 = Debug|Any CPU
		{7805C63C-E7B7-445C-A771-26DA659BBDA2}.Release|Any CPU.ActiveCfg = Release|Any CPU
		{7805C63C-E7B7-445C-A771-26DA659BBDA2}.Release|Any CPU.Build.0 = Release|Any CPU
	EndGlobalSection
	GlobalSection(SolutionProperties) = preSolution
		HideSolutionNode = FALSE
	EndGlobalSection
	GlobalSection(ExtensibilityGlobals) = postSolution
		SolutionGuid = {B8C15AA1-A19B-4F86-8FDB-4B49DF26425A}
	EndGlobalSection
EndGlobal
