
Microsoft Visual Studio Solution File, Format Version 12.00
# Visual Studio Version 17
VisualStudioVersion = 17.5.002.0
MinimumVisualStudioVersion = 10.0.40219.1
Project("{9A19103F-16F7-4668-BE54-9A1E7A4F7556}") = "MediaAlunoExe", "MediaAlunoExe.csproj", "{B80CEBA8-7BDE-41D7-9CED-FF131265C2C9}"
EndProject
Global
	GlobalSection(SolutionConfigurationPlatforms) = preSolution
		Debug|Any CPU = Debug|Any CPU
		Release|Any CPU = Release|Any CPU
	EndGlobalSection
	GlobalSection(ProjectConfigurationPlatforms) = postSolution
		{B80CEBA8-7BDE-41D7-9CED-FF131265C2C9}.Debug|Any CPU.ActiveCfg = Debug|Any CPU
		{B80CEBA8-7BDE-41D7-9CED-FF131265C2C9}.Debug|Any CPU.Build.0 = Debug|Any CPU
		{B80CEBA8-7BDE-41D7-9CED-FF131265C2C9}.Release|Any CPU.ActiveCfg = Release|Any CPU
		{B80CEBA8-7BDE-41D7-9CED-FF131265C2C9}.Release|Any CPU.Build.0 = Release|Any CPU
	EndGlobalSection
	GlobalSection(SolutionProperties) = preSolution
		HideSolutionNode = FALSE
	EndGlobalSection
	GlobalSection(ExtensibilityGlobals) = postSolution
		SolutionGuid = {953BB90A-A0DC-4B96-9378-47B6B6B2867F}
	EndGlobalSection
EndGlobal
