
Microsoft Visual Studio Solution File, Format Version 12.00
# Visual Studio Version 17
VisualStudioVersion = 17.9.34714.143
MinimumVisualStudioVersion = 10.0.40219.1
Project("{FAE04EC0-301F-11D3-BF4B-00C04F79EFBC}") = "Exe3", "Exe3.csproj", "{9904AB88-7F62-4FF1-B786-79E19D84CAC0}"
EndProject
Project("{FAE04EC0-301F-11D3-BF4B-00C04F79EFBC}") = "Exe3.Test", "..\Exe3.Test\Exe3.Test.csproj", "{B1B57F76-46D5-4148-BCD8-FB424F45F3D4}"
EndProject
Global
	GlobalSection(SolutionConfigurationPlatforms) = preSolution
		Debug|Any CPU = Debug|Any CPU
		Release|Any CPU = Release|Any CPU
	EndGlobalSection
	GlobalSection(ProjectConfigurationPlatforms) = postSolution
		{9904AB88-7F62-4FF1-B786-79E19D84CAC0}.Debug|Any CPU.ActiveCfg = Debug|Any CPU
		{9904AB88-7F62-4FF1-B786-79E19D84CAC0}.Debug|Any CPU.Build.0 = Debug|Any CPU
		{9904AB88-7F62-4FF1-B786-79E19D84CAC0}.Release|Any CPU.ActiveCfg = Release|Any CPU
		{9904AB88-7F62-4FF1-B786-79E19D84CAC0}.Release|Any CPU.Build.0 = Release|Any CPU
		{B1B57F76-46D5-4148-BCD8-FB424F45F3D4}.Debug|Any CPU.ActiveCfg = Debug|Any CPU
		{B1B57F76-46D5-4148-BCD8-FB424F45F3D4}.Debug|Any CPU.Build.0 = Debug|Any CPU
		{B1B57F76-46D5-4148-BCD8-FB424F45F3D4}.Release|Any CPU.ActiveCfg = Release|Any CPU
		{B1B57F76-46D5-4148-BCD8-FB424F45F3D4}.Release|Any CPU.Build.0 = Release|Any CPU
	EndGlobalSection
	GlobalSection(SolutionProperties) = preSolution
		HideSolutionNode = FALSE
	EndGlobalSection
	GlobalSection(ExtensibilityGlobals) = postSolution
		SolutionGuid = {BCB0FDD5-8260-472E-AD4A-AF0322A83840}
	EndGlobalSection
EndGlobal
